
Microsoft Visual Studio Solution File, Format Version 12.00
# Visual Studio 15
VisualStudioVersion = 15.0.27703.2018
MinimumVisualStudioVersion = 10.0.40219.1
Project("{FAE04EC0-301F-11D3-BF4B-00C04F79EFBC}") = "WebPass", "WebPass\WebPass.csproj", "{6E1C0051-5D04-484A-B536-7630FC31003B}"
EndProject
Global
	GlobalSection(SolutionConfigurationPlatforms) = preSolution
		Debug|Any CPU = Debug|Any CPU
		Release|Any CPU = Release|Any CPU
	EndGlobalSection
	GlobalSection(ProjectConfigurationPlatforms) = postSolution
		{6E1C0051-5D04-484A-B536-7630FC31003B}.Debug|Any CPU.ActiveCfg = Debug|Any CPU
		{6E1C0051-5D04-484A-B536-7630FC31003B}.Debug|Any CPU.Build.0 = Debug|Any CPU
		{6E1C0051-5D04-484A-B536-7630FC31003B}.Release|Any CPU.ActiveCfg = Release|Any CPU
		{6E1C0051-5D04-484A-B536-7630FC31003B}.Release|Any CPU.Build.0 = Release|Any CPU
	EndGlobalSection
	GlobalSection(SolutionProperties) = preSolution
		HideSolutionNode = FALSE
	EndGlobalSection
	GlobalSection(ExtensibilityGlobals) = postSolution
		SolutionGuid = {2F7CB877-797F-4916-88C7-C475949CE693}
	EndGlobalSection
EndGlobal
